// !$*UTF8*$!
{
	archiveVersion = 1;
	classes = {
	};
	objectVersion = 50;
	objects = {
/* Begin PBXGroup section */
		7B6AF598215CDA00009EED15 = {
			children = (
				7B6AF5BA215CDC00009EED15 /* Yijie */,
				7B6AF5A3215CDA00009EED15 /* hqgmvbt */,
				7B6AF5A2215CDA00009EED15 /* Products */,
				7B9E1807216B63B2003A3BA6 /* Frameworks */,
				F805E5AF8DD7BD0610F45FF8 /* CoreMotion.framework */,
				40C322B7AF6FF08B2D88F5C0 /* CFNetwork.framework */,
				122AD64ACCA66E7A476F8A93 /* libsqlite3.tbd */,
				E9A020571BA76457D8C88327 /* UIKit.framework */,
				0CDCFB15FD6F360E82ED0ABB /* QuartzCore.framework */,
				7527C4C132C9B5D9F7756F3E /* CoreText.framework */,
				15BEA319E7E87C654479AE41 /* CoreTelephony.framework */,
				050BC1C35AEE5645A5199E68 /* SystemConfiguration.framework */,
				4685D1A1709967AA054295B1 /* libsqlite3.tbd */,
				FB5AA7D9251784480C0B25FC /* libc++.tbd */,
				326F67FEFE912D9A188AD75D /* libz.tbd */,
				AA10BDAF59558A84C33E3D02 /* CoreMotion.framework */,
				5CB1548B762A8DE9141347C6 /* MediaPlayer.framework */,
				A6181B1480EA6F363895538F /* GameController.framework */,
				D37E3A237326541D0545EBE3 /* AdSupport.framework */,
				D58CF443A514FFD61343FCB5 /* AVFoundation.framework */,
				DA748A9C572BF2A3F2E373F4 /* StoreKit.framework */,
				7A43181D171644CC9DBFC08B /* JavaScriptCore.framework */,
			);
			isa = PBXGroup;
			sourceTree = "<group>";
		};
		7B6AF5A2215CDA00009EED15 /* Products */ = {
			children = (
				7B6AF5A1215CDA00009EED15 /* hqgmvbt.app */,
			);
			isa = PBXGroup;
			name = Products;
			sourceTree = "<group>";
		};
		7B6AF5A3215CDA00009EED15 /* hqgmvbt */ = {
			children = (
				7B6AF5C9215CDE8B009EED15 /* BaseJSBridge.h */,
				7B6AF5CA215CDE8B009EED15 /* BaseJSBridge.m */,
				7B6AF5C2215CDE6B009EED15 /* JSBridge.js */,
				7B6AF5C5215CDE6B009EED15 /* JSSupport.h */,
				7B6AF5C3215CDE6B009EED15 /* JSSupport.js */,
				7B6AF5C4215CDE6B009EED15 /* JSSupport.m */,
				7B6AF5A4215CDA00009EED15 /* AppDelegate.h */,
				7B6AF5A5215CDA00009EED15 /* AppDelegate.m */,
				7B6AF5A7215CDA00009EED15 /* ViewController.h */,
				7B6AF5A8215CDA00009EED15 /* ViewController.m */,
				7B6AF5AA215CDA00009EED15 /* Main.storyboard */,
				7B6AF5AD215CDA01009EED15 /* Assets.xcassets */,
				7B6AF5AF215CDA01009EED15 /* LaunchScreen.storyboard */,
				7B6AF5B3215CDA01009EED15 /* main.m */,
				7BA09A82216C9A5100A5FDFB /* JSBridge1sdk.m */,
				7B9E1801216AFEEC003A3BA6 /* JSBridge1sdk.h */,
				7B9E1802216AFF5B003A3BA6 /* JSBridge1sdk.js */,
				7B9E1804216B131D003A3BA6 /* Define.h */,
			);
			isa = PBXGroup;
			path = hqgmvbt;
			sourceTree = "<group>";
		};
		7B6AF5BA215CDC00009EED15 /* Yijie */ = {
			children = (
				7B6AF5BB215CDC00009EED15 /* libYiJieOnlineHelper.a */,
				7B6AF5BC215CDC00009EED15 /* OnlineAHelper.framework */,
				4A5C7EDD3700BA1D9820C510 /* MY.plist */,
				18F35C68F41CD9E1E3D1EC55 /* Icon-29.png */,
				F92FDB4AE18BDA7640FD19B7 /* Icon-40.png */,
				9C80D73C03B06F40DD88E2ED /* Icon-50.png */,
				494C90D5028700871FA52B86 /* Icon-57.png */,
				9E79DB479B1E42FCC93BF0A7 /* Icon-58.png */,
				B4DEFDAFA9CEB747BE25EF19 /* Icon-72.png */,
				EE2B4FAE10C757B900E018FB /* Icon-76.png */,
				EBFDCADB1937A3EDD0143BCC /* Icon-80.png */,
				C02BFD7115E234FC2D15C87C /* Icon-87.png */,
				555C4A042FAB08E961A002FF /* Icon-100.png */,
				05B166E61B1E5406A9678CF1 /* Icon-114.png */,
				5EDA809BB6F2AA59219FF743 /* Icon-120.png */,
				BFC74C66579692A2F4E7C15B /* Icon-144.png */,
				F53408C63E04C347C6FEE514 /* Icon-152.png */,
				54CB6379E5FEF518A6171D18 /* Icon-180.png */,
				64EE4FFFF4BBA7D04C8CF75A /* YijieConfig.xml */,
				E611F5F381CD6770F2985E52 /* AlipaySDK.bundle */,
				124733A1C9719DF181920BD3 /* MYSDK.bundle */,
				62C0BD19A4542F55A13CFA92 /* MaiYou2.framework */,
				C67F90C4F897D5CF4D0895FC /* MYSDK.framework */,
				1ACBCD2CDD604668B03FDC74 /* AlipaySDK.framework */,
				C53E0D06AC16238CFDD8748D /* Info.plist */,
				E47E388ADBD05A900B90D4BC /* paramInfo.xml */,
			);
			isa = PBXGroup;
			name = Yijie;
			path = hqgmvbt/Yijie;
			sourceTree = "<group>";
		};
		7B9E1807216B63B2003A3BA6 /* Frameworks */ = {
			children = (
				7BA09A9021747A2600A5FDFB /* libc++.tbd */,
			);
			isa = PBXGroup;
			name = Frameworks;
			sourceTree = "<group>";
		};
/* End PBXGroup section */

/* Begin PBXProject section */
		7B6AF599215CDA00009EED15 /* Project object */ = {
			attributes = {
				LastUpgradeCheck = 1000;
				ORGANIZATIONNAME = junyou;
				TargetAttributes = {
					7B6AF5A0215CDA00009EED15 = {
						CreatedOnToolsVersion = 10.0;
					};
				};
			};
			buildConfigurationList = 7B6AF59C215CDA00009EED15 /* Build configuration list for PBXProject "hqgmvbt1" */;
			compatibilityVersion = "Xcode 9.3";
			developmentRegion = en;
			hasScannedForEncodings = 0;
			isa = PBXProject;
			knownRegions = (
				en,
				Base,
			);
			mainGroup = 7B6AF598215CDA00009EED15;
			productRefGroup = 7B6AF5A2215CDA00009EED15;
			projectDirPath = "";
			projectRoot = "";
			targets = (
				7B6AF5A0215CDA00009EED15 /* hqgmvbt */,
			);
		};
/* End PBXProject section */

/* Begin XCConfigurationList section */
		7B6AF59C215CDA00009EED15 /* Build configuration list for PBXProject "hqgmvbt1" */ = {
			buildConfigurations = (
				7B6AF5B5215CDA01009EED15 /* Debug */,
				7B6AF5B6215CDA01009EED15 /* Release */,
			);
			defaultConfigurationIsVisible = 0;
			defaultConfigurationName = Release;
			isa = XCConfigurationList;
		};
		7B6AF5B7215CDA01009EED15 /* Build configuration list for PBXNativeTarget "hqgmvbt" */ = {
			buildConfigurations = (
				7B6AF5B8215CDA01009EED15 /* Debug */,
				7B6AF5B9215CDA01009EED15 /* Release */,
			);
			defaultConfigurationIsVisible = 0;
			defaultConfigurationName = Release;
			isa = XCConfigurationList;
		};
/* End XCConfigurationList section */

/* Begin PBXSourcesBuildPhase section */
		7B6AF59D215CDA00009EED15 /* Sources */ = {
			buildActionMask = 2147483647;
			files = (
				7BA09A83216C9A5100A5FDFB /* JSBridge1sdk.m in Sources */,
				7B6AF5CB215CDE8B009EED15 /* BaseJSBridge.m in Sources */,
				7B6AF5C8215CDE6B009EED15 /* JSSupport.m in Sources */,
				7B6AF5A9215CDA00009EED15 /* ViewController.m in Sources */,
				7B6AF5B4215CDA01009EED15 /* main.m in Sources */,
				7B6AF5A6215CDA00009EED15 /* AppDelegate.m in Sources */,
			);
			isa = PBXSourcesBuildPhase;
			runOnlyForDeploymentPostprocessing = 0;
		};
/* End PBXSourcesBuildPhase section */

/* Begin PBXFrameworksBuildPhase section */
		7B6AF59E215CDA00009EED15 /* Frameworks */ = {
			buildActionMask = 2147483647;
			files = (
				7BA09A9121747A2600A5FDFB /* libc++.tbd in Frameworks */,
				7B9E1808216B63B2003A3BA6 /* libYiJieOnlineHelper.a in Frameworks */,
				7B6AF5BE215CDC00009EED15 /* OnlineAHelper.framework in Frameworks */,
				13C18305AA8E357F93F34A49 /* CoreMotion.framework in Frameworks */,
				5978E11300D7229FEDCEF62C /* CFNetwork.framework in Frameworks */,
				934C48D5395481263EB14403 /* libsqlite3.tbd in Frameworks */,
				FCA4F61DF955BD6BABC1C842 /* UIKit.framework in Frameworks */,
				145E07E82552B67CF10A2EC2 /* QuartzCore.framework in Frameworks */,
				F17B02E9C4B384BC0C0262DA /* CoreText.framework in Frameworks */,
				044BDCF8849275491FEF4DEA /* CoreTelephony.framework in Frameworks */,
				A89A7A447810AC363B31BDA1 /* SystemConfiguration.framework in Frameworks */,
				C72B5B31D0A14014B63A4678 /* libsqlite3.tbd in Frameworks */,
				03708C1C5AB50AC356644299 /* libc++.tbd in Frameworks */,
				91A4AB704B7527D645B29418 /* libz.tbd in Frameworks */,
				4A32744E404BF28351FDEAD7 /* CoreMotion.framework in Frameworks */,
				E014788BFD37F50A3A5F707A /* MediaPlayer.framework in Frameworks */,
				14663744AA7A95EB1A4CBD19 /* GameController.framework in Frameworks */,
				EC5A5B340D07876F74FB1463 /* AdSupport.framework in Frameworks */,
				4A611CC5B3EF518207810194 /* AVFoundation.framework in Frameworks */,
				4BE950FDBEBD8F7E305DF17D /* StoreKit.framework in Frameworks */,
				CC9AC709C06444424C0B224E /* JavaScriptCore.framework in Frameworks */,
				B6DC9E83E1CB38DA87C62DEF /* MaiYou2.framework in Frameworks */,
				78096B7BB7B908BDF1913819 /* MYSDK.framework in Frameworks */,
				83FBBFC3C43E91CF6287AE03 /* AlipaySDK.framework in Frameworks */,
			);
			isa = PBXFrameworksBuildPhase;
			runOnlyForDeploymentPostprocessing = 0;
		};
/* End PBXFrameworksBuildPhase section */

/* Begin PBXResourcesBuildPhase section */
		7B6AF59F215CDA00009EED15 /* Resources */ = {
			buildActionMask = 2147483647;
			files = (
				7B6AF5C6215CDE6B009EED15 /* JSBridge.js in Resources */,
				7B6AF5B1215CDA01009EED15 /* LaunchScreen.storyboard in Resources */,
				7B6AF5AE215CDA01009EED15 /* Assets.xcassets in Resources */,
				7B6AF5C7215CDE6B009EED15 /* JSSupport.js in Resources */,
				7B6AF5AC215CDA00009EED15 /* Main.storyboard in Resources */,
				7B9E1803216AFF5B003A3BA6 /* JSBridge1sdk.js in Resources */,
				141139B1559AE8101C6F0805 /* MY.plist in Resources */,
				7340FA8BC18797E91E9F26F2 /* Icon-29.png in Resources */,
				13E93B331D32DAB25A2DE64D /* Icon-40.png in Resources */,
				DEDB4390FAF5A6675984132B /* Icon-50.png in Resources */,
				799EEE1B111BF66FDA6F55B3 /* Icon-57.png in Resources */,
				E22106E89823DB0F967D0C5D /* Icon-58.png in Resources */,
				C26D7290CF00E9F3CBD1E7D4 /* Icon-72.png in Resources */,
				137CC197D0F5923FC99F3834 /* Icon-76.png in Resources */,
				9F0BF3044824FC130A9619C5 /* Icon-80.png in Resources */,
				CE11535900BE25B72E4E081C /* Icon-87.png in Resources */,
				E14DB0DB66906FF67DE0AB1C /* Icon-100.png in Resources */,
				9DE2B8BCAF366BD93A0C0173 /* Icon-114.png in Resources */,
				1618389A0CFE6984A3DD97C6 /* Icon-120.png in Resources */,
				EFC2ED64337F0ECF7AA0D92C /* Icon-144.png in Resources */,
				151D6CB07D43C66D582283CA /* Icon-152.png in Resources */,
				8E035EE746F7EE07D5AEE5F3 /* Icon-180.png in Resources */,
				342712DF1FA591BA3CE2D8F9 /* YijieConfig.xml in Resources */,
				EF5DFFCC6C4BB312F53A853A /* AlipaySDK.bundle in Resources */,
				AA9C3B2028D6C20C5B8BA1D4 /* MYSDK.bundle in Resources */,
				23123210D6356E0CA6DD1876 /* Info.plist in Resources */,
				21708879F89627541152A14F /* paramInfo.xml in Resources */,
			);
			isa = PBXResourcesBuildPhase;
			runOnlyForDeploymentPostprocessing = 0;
		};
/* End PBXResourcesBuildPhase section */

/* Begin PBXNativeTarget section */
		7B6AF5A0215CDA00009EED15 /* hqgmvbt */ = {
			buildConfigurationList = 7B6AF5B7215CDA01009EED15 /* Build configuration list for PBXNativeTarget "hqgmvbt" */;
			buildPhases = (
				7B6AF59D215CDA00009EED15 /* Sources */,
				7B6AF59E215CDA00009EED15 /* Frameworks */,
				7B6AF59F215CDA00009EED15 /* Resources */,
				7B6AF5BF215CDC1C009EED15 /* CopyFiles */,
			);
			buildRules = (
			);
			dependencies = (
			);
			isa = PBXNativeTarget;
			name = hqgmvbt;
			productName = hqgmvbt;
			productReference = 7B6AF5A1215CDA00009EED15;
			productType = "com.apple.product-type.application";
		};
/* End PBXNativeTarget section */

/* Begin PBXFileReference section */
		7B6AF5A1215CDA00009EED15 /* hqgmvbt.app */ = {explicitFileType = wrapper.application; includeInIndex = 0; isa = PBXFileReference; path = hqgmvbt.app; sourceTree = BUILT_PRODUCTS_DIR; };
		7B6AF5A4215CDA00009EED15 /* AppDelegate.h */ = {isa = PBXFileReference; lastKnownFileType = sourcecode.c.h; path = AppDelegate.h; sourceTree = "<group>"; };
		7B6AF5A5215CDA00009EED15 /* AppDelegate.m */ = {isa = PBXFileReference; lastKnownFileType = sourcecode.c.objc; path = AppDelegate.m; sourceTree = "<group>"; };
		7B6AF5A7215CDA00009EED15 /* ViewController.h */ = {isa = PBXFileReference; lastKnownFileType = sourcecode.c.h; path = ViewController.h; sourceTree = "<group>"; };
		7B6AF5A8215CDA00009EED15 /* ViewController.m */ = {isa = PBXFileReference; lastKnownFileType = sourcecode.c.objc; path = ViewController.m; sourceTree = "<group>"; };
		7B6AF5AB215CDA00009EED15 /* Main.storyboard */ = {isa = PBXFileReference; lastKnownFileType = file.storyboard; name = Base; path = Base.lproj/Main.storyboard; sourceTree = "<group>"; };
		7B6AF5AD215CDA01009EED15 /* Assets.xcassets */ = {isa = PBXFileReference; lastKnownFileType = folder.assetcatalog; path = Assets.xcassets; sourceTree = "<group>"; };
		7B6AF5B0215CDA01009EED15 /* LaunchScreen.storyboard */ = {isa = PBXFileReference; lastKnownFileType = file.storyboard; name = Base; path = Base.lproj/LaunchScreen.storyboard; sourceTree = "<group>"; };
		7B6AF5B3215CDA01009EED15 /* main.m */ = {isa = PBXFileReference; lastKnownFileType = sourcecode.c.objc; path = main.m; sourceTree = "<group>"; };
		7B6AF5BB215CDC00009EED15 /* libYiJieOnlineHelper.a */ = {isa = PBXFileReference; lastKnownFileType = archive.ar; path = libYiJieOnlineHelper.a; sourceTree = "<group>"; };
		7B6AF5BC215CDC00009EED15 /* OnlineAHelper.framework */ = {isa = PBXFileReference; lastKnownFileType = wrapper.framework; path = OnlineAHelper.framework; sourceTree = "<group>"; };
		7B6AF5C2215CDE6B009EED15 /* JSBridge.js */ = {fileEncoding = 4; isa = PBXFileReference; lastKnownFileType = sourcecode.javascript; path = JSBridge.js; sourceTree = "<group>"; };
		7B6AF5C3215CDE6B009EED15 /* JSSupport.js */ = {fileEncoding = 4; isa = PBXFileReference; lastKnownFileType = sourcecode.javascript; path = JSSupport.js; sourceTree = "<group>"; };
		7B6AF5C4215CDE6B009EED15 /* JSSupport.m */ = {fileEncoding = 4; isa = PBXFileReference; lastKnownFileType = sourcecode.c.objc; path = JSSupport.m; sourceTree = "<group>"; };
		7B6AF5C5215CDE6B009EED15 /* JSSupport.h */ = {fileEncoding = 4; isa = PBXFileReference; lastKnownFileType = sourcecode.c.h; path = JSSupport.h; sourceTree = "<group>"; };
		7B6AF5C9215CDE8B009EED15 /* BaseJSBridge.h */ = {fileEncoding = 4; isa = PBXFileReference; lastKnownFileType = sourcecode.c.h; path = BaseJSBridge.h; sourceTree = "<group>"; };
		7B6AF5CA215CDE8B009EED15 /* BaseJSBridge.m */ = {fileEncoding = 4; isa = PBXFileReference; lastKnownFileType = sourcecode.c.objc; path = BaseJSBridge.m; sourceTree = "<group>"; };
		7B9E1801216AFEEC003A3BA6 /* JSBridge1sdk.h */ = {isa = PBXFileReference; lastKnownFileType = sourcecode.c.h; path = JSBridge1sdk.h; sourceTree = "<group>"; };
		7B9E1802216AFF5B003A3BA6 /* JSBridge1sdk.js */ = {isa = PBXFileReference; lastKnownFileType = sourcecode.javascript; path = JSBridge1sdk.js; sourceTree = "<group>"; };
		7B9E1804216B131D003A3BA6 /* Define.h */ = {isa = PBXFileReference; lastKnownFileType = sourcecode.c.h; path = Define.h; sourceTree = "<group>"; };
		7BA09A82216C9A5100A5FDFB /* JSBridge1sdk.m */ = {fileEncoding = 4; isa = PBXFileReference; lastKnownFileType = sourcecode.c.objc; path = JSBridge1sdk.m; sourceTree = "<group>"; };
		7BA09A9021747A2600A5FDFB /* libc++.tbd */ = {isa = PBXFileReference; lastKnownFileType = "sourcecode.text-based-dylib-definition"; name = "libc++.tbd"; path = "usr/lib/libc++.tbd"; sourceTree = SDKROOT; };
		4A5C7EDD3700BA1D9820C510 /* MY.plist */ = {isa = PBXFileReference; name = MY.plist; path = maiyou_ios/MY.plist; lastKnownFileType = text.plist.text; sourceTree = "<group>"; };
		18F35C68F41CD9E1E3D1EC55 /* Icon-29.png */ = {isa = PBXFileReference; name = "Icon-29.png"; path = "maiyou_ios/Icons/Icon-29.png"; lastKnownFileType = image.png; sourceTree = "<group>"; };
		F92FDB4AE18BDA7640FD19B7 /* Icon-40.png */ = {isa = PBXFileReference; name = "Icon-40.png"; path = "maiyou_ios/Icons/Icon-40.png"; lastKnownFileType = image.png; sourceTree = "<group>"; };
		9C80D73C03B06F40DD88E2ED /* Icon-50.png */ = {isa = PBXFileReference; name = "Icon-50.png"; path = "maiyou_ios/Icons/Icon-50.png"; lastKnownFileType = image.png; sourceTree = "<group>"; };
		494C90D5028700871FA52B86 /* Icon-57.png */ = {isa = PBXFileReference; name = "Icon-57.png"; path = "maiyou_ios/Icons/Icon-57.png"; lastKnownFileType = image.png; sourceTree = "<group>"; };
		9E79DB479B1E42FCC93BF0A7 /* Icon-58.png */ = {isa = PBXFileReference; name = "Icon-58.png"; path = "maiyou_ios/Icons/Icon-58.png"; lastKnownFileType = image.png; sourceTree = "<group>"; };
		B4DEFDAFA9CEB747BE25EF19 /* Icon-72.png */ = {isa = PBXFileReference; name = "Icon-72.png"; path = "maiyou_ios/Icons/Icon-72.png"; lastKnownFileType = image.png; sourceTree = "<group>"; };
		EE2B4FAE10C757B900E018FB /* Icon-76.png */ = {isa = PBXFileReference; name = "Icon-76.png"; path = "maiyou_ios/Icons/Icon-76.png"; lastKnownFileType = image.png; sourceTree = "<group>"; };
		EBFDCADB1937A3EDD0143BCC /* Icon-80.png */ = {isa = PBXFileReference; name = "Icon-80.png"; path = "maiyou_ios/Icons/Icon-80.png"; lastKnownFileType = image.png; sourceTree = "<group>"; };
		C02BFD7115E234FC2D15C87C /* Icon-87.png */ = {isa = PBXFileReference; name = "Icon-87.png"; path = "maiyou_ios/Icons/Icon-87.png"; lastKnownFileType = image.png; sourceTree = "<group>"; };
		555C4A042FAB08E961A002FF /* Icon-100.png */ = {isa = PBXFileReference; name = "Icon-100.png"; path = "maiyou_ios/Icons/Icon-100.png"; lastKnownFileType = image.png; sourceTree = "<group>"; };
		05B166E61B1E5406A9678CF1 /* Icon-114.png */ = {isa = PBXFileReference; name = "Icon-114.png"; path = "maiyou_ios/Icons/Icon-114.png"; lastKnownFileType = image.png; sourceTree = "<group>"; };
		5EDA809BB6F2AA59219FF743 /* Icon-120.png */ = {isa = PBXFileReference; name = "Icon-120.png"; path = "maiyou_ios/Icons/Icon-120.png"; lastKnownFileType = image.png; sourceTree = "<group>"; };
		BFC74C66579692A2F4E7C15B /* Icon-144.png */ = {isa = PBXFileReference; name = "Icon-144.png"; path = "maiyou_ios/Icons/Icon-144.png"; lastKnownFileType = image.png; sourceTree = "<group>"; };
		F53408C63E04C347C6FEE514 /* Icon-152.png */ = {isa = PBXFileReference; name = "Icon-152.png"; path = "maiyou_ios/Icons/Icon-152.png"; lastKnownFileType = image.png; sourceTree = "<group>"; };
		54CB6379E5FEF518A6171D18 /* Icon-180.png */ = {isa = PBXFileReference; name = "Icon-180.png"; path = "maiyou_ios/Icons/Icon-180.png"; lastKnownFileType = image.png; sourceTree = "<group>"; };
		64EE4FFFF4BBA7D04C8CF75A /* YijieConfig.xml */ = {isa = PBXFileReference; name = YijieConfig.xml; path = maiyou_ios/YijieConfig.xml; lastKnownFileType = text.xml; sourceTree = "<group>"; };
		F805E5AF8DD7BD0610F45FF8 /* CoreMotion.framework */ = {isa = PBXFileReference; path = System/Library/Frameworks/CoreMotion.framework; name = CoreMotion.framework; lastKnownFileType = wrapper.framework; sourceTree = SDKROOT; };
		40C322B7AF6FF08B2D88F5C0 /* CFNetwork.framework */ = {isa = PBXFileReference; path = System/Library/Frameworks/CFNetwork.framework; name = CFNetwork.framework; lastKnownFileType = wrapper.framework; sourceTree = SDKROOT; };
		122AD64ACCA66E7A476F8A93 /* libsqlite3.tbd */ = {isa = PBXFileReference; path = usr/lib/libsqlite3.tbd; name = libsqlite3.tbd; lastKnownFileType = "compiled.mach-o.dylib"; sourceTree = SDKROOT; };
		E9A020571BA76457D8C88327 /* UIKit.framework */ = {isa = PBXFileReference; path = System/Library/Frameworks/UIKit.framework; name = UIKit.framework; lastKnownFileType = wrapper.framework; sourceTree = SDKROOT; };
		0CDCFB15FD6F360E82ED0ABB /* QuartzCore.framework */ = {isa = PBXFileReference; path = System/Library/Frameworks/QuartzCore.framework; name = QuartzCore.framework; lastKnownFileType = wrapper.framework; sourceTree = SDKROOT; };
		7527C4C132C9B5D9F7756F3E /* CoreText.framework */ = {isa = PBXFileReference; path = System/Library/Frameworks/CoreText.framework; name = CoreText.framework; lastKnownFileType = wrapper.framework; sourceTree = SDKROOT; };
		15BEA319E7E87C654479AE41 /* CoreTelephony.framework */ = {isa = PBXFileReference; path = System/Library/Frameworks/CoreTelephony.framework; name = CoreTelephony.framework; lastKnownFileType = wrapper.framework; sourceTree = SDKROOT; };
		050BC1C35AEE5645A5199E68 /* SystemConfiguration.framework */ = {isa = PBXFileReference; path = System/Library/Frameworks/SystemConfiguration.framework; name = SystemConfiguration.framework; lastKnownFileType = wrapper.framework; sourceTree = SDKROOT; };
		4685D1A1709967AA054295B1 /* libsqlite3.tbd */ = {isa = PBXFileReference; path = usr/lib/libsqlite3.tbd; name = libsqlite3.tbd; lastKnownFileType = "compiled.mach-o.dylib"; sourceTree = SDKROOT; };
		FB5AA7D9251784480C0B25FC /* libc++.tbd */ = {isa = PBXFileReference; path = "usr/lib/libc++.tbd"; name = "libc++.tbd"; lastKnownFileType = "compiled.mach-o.dylib"; sourceTree = SDKROOT; };
		326F67FEFE912D9A188AD75D /* libz.tbd */ = {isa = PBXFileReference; path = usr/lib/libz.tbd; name = libz.tbd; lastKnownFileType = "compiled.mach-o.dylib"; sourceTree = SDKROOT; };
		AA10BDAF59558A84C33E3D02 /* CoreMotion.framework */ = {isa = PBXFileReference; path = System/Library/Frameworks/CoreMotion.framework; name = CoreMotion.framework; lastKnownFileType = wrapper.framework; sourceTree = SDKROOT; };
		5CB1548B762A8DE9141347C6 /* MediaPlayer.framework */ = {isa = PBXFileReference; path = System/Library/Frameworks/MediaPlayer.framework; name = MediaPlayer.framework; lastKnownFileType = wrapper.framework; sourceTree = SDKROOT; };
		A6181B1480EA6F363895538F /* GameController.framework */ = {isa = PBXFileReference; path = System/Library/Frameworks/GameController.framework; name = GameController.framework; lastKnownFileType = wrapper.framework; sourceTree = SDKROOT; };
		D37E3A237326541D0545EBE3 /* AdSupport.framework */ = {isa = PBXFileReference; path = System/Library/Frameworks/AdSupport.framework; name = AdSupport.framework; lastKnownFileType = wrapper.framework; sourceTree = SDKROOT; };
		D58CF443A514FFD61343FCB5 /* AVFoundation.framework */ = {isa = PBXFileReference; path = System/Library/Frameworks/AVFoundation.framework; name = AVFoundation.framework; lastKnownFileType = wrapper.framework; sourceTree = SDKROOT; };
		DA748A9C572BF2A3F2E373F4 /* StoreKit.framework */ = {isa = PBXFileReference; path = System/Library/Frameworks/StoreKit.framework; name = StoreKit.framework; lastKnownFileType = wrapper.framework; sourceTree = SDKROOT; };
		7A43181D171644CC9DBFC08B /* JavaScriptCore.framework */ = {isa = PBXFileReference; path = System/Library/Frameworks/JavaScriptCore.framework; name = JavaScriptCore.framework; lastKnownFileType = wrapper.framework; sourceTree = SDKROOT; };
		E611F5F381CD6770F2985E52 /* AlipaySDK.bundle */ = {isa = PBXFileReference; name = AlipaySDK.bundle; path = maiyou_ios/Resources/AlipaySDK.bundle; lastKnownFileType = "wrapper.plug-in"; sourceTree = "<group>"; };
		124733A1C9719DF181920BD3 /* MYSDK.bundle */ = {isa = PBXFileReference; name = MYSDK.bundle; path = maiyou_ios/Resources/MYSDK.bundle; lastKnownFileType = "wrapper.plug-in"; sourceTree = "<group>"; };
		62C0BD19A4542F55A13CFA92 /* MaiYou2.framework */ = {isa = PBXFileReference; name = MaiYou2.framework; path = maiyou_ios/Frameworks/NoCopy/MaiYou2.framework; lastKnownFileType = wrapper.framework; sourceTree = "<group>"; };
		C67F90C4F897D5CF4D0895FC /* MYSDK.framework */ = {isa = PBXFileReference; name = MYSDK.framework; path = maiyou_ios/Frameworks/NoCopy/MYSDK.framework; lastKnownFileType = wrapper.framework; sourceTree = "<group>"; };
		1ACBCD2CDD604668B03FDC74 /* AlipaySDK.framework */ = {isa = PBXFileReference; name = AlipaySDK.framework; path = maiyou_ios/Frameworks/NoCopy/AlipaySDK.framework; lastKnownFileType = wrapper.framework; sourceTree = "<group>"; };
		C53E0D06AC16238CFDD8748D /* Info.plist */ = {isa = PBXFileReference; name = Info.plist; path = maiyou_ios/Info.plist; lastKnownFileType = text.plist.text; sourceTree = "<group>"; };
		E47E388ADBD05A900B90D4BC /* paramInfo.xml */ = {isa = PBXFileReference; name = paramInfo.xml; path = maiyou_ios/paramInfo.xml; lastKnownFileType = text.xml; sourceTree = "<group>"; };
/* End PBXFileReference section */

/* Begin PBXBuildFile section */
		7B6AF5A6215CDA00009EED15 /* AppDelegate.m in Resources */ = {fileRef = 7B6AF5A5215CDA00009EED15 /* AppDelegate.m */; isa = PBXBuildFile; };
		7B6AF5A9215CDA00009EED15 /* ViewController.m in Resources */ = {fileRef = 7B6AF5A8215CDA00009EED15 /* ViewController.m */; isa = PBXBuildFile; };
		7B6AF5AC215CDA00009EED15 /* Main.storyboard in Resources */ = {fileRef = 7B6AF5AA215CDA00009EED15 /* Main.storyboard */; isa = PBXBuildFile; };
		7B6AF5AE215CDA01009EED15 /* Assets.xcassets in Resources */ = {fileRef = 7B6AF5AD215CDA01009EED15 /* Assets.xcassets */; isa = PBXBuildFile; };
		7B6AF5B1215CDA01009EED15 /* LaunchScreen.storyboard in Resources */ = {fileRef = 7B6AF5AF215CDA01009EED15 /* LaunchScreen.storyboard */; isa = PBXBuildFile; };
		7B6AF5B4215CDA01009EED15 /* main.m in Resources */ = {fileRef = 7B6AF5B3215CDA01009EED15 /* main.m */; isa = PBXBuildFile; };
		7B6AF5BE215CDC00009EED15 /* OnlineAHelper.framework in Resources */ = {fileRef = 7B6AF5BC215CDC00009EED15 /* OnlineAHelper.framework */; isa = PBXBuildFile; };
		7B6AF5C0215CDC2D009EED15 /* libYiJieOnlineHelper.a in Resources */ = {fileRef = 7B6AF5BB215CDC00009EED15 /* libYiJieOnlineHelper.a */; isa = PBXBuildFile; settings = {ATTRIBUTES = (CodeSignOnCopy, ); }; };
		7B6AF5C1215CDC30009EED15 /* OnlineAHelper.framework in Resources */ = {fileRef = 7B6AF5BC215CDC00009EED15 /* OnlineAHelper.framework */; isa = PBXBuildFile; settings = {ATTRIBUTES = (CodeSignOnCopy, RemoveHeadersOnCopy, ); }; };
		7B6AF5C6215CDE6B009EED15 /* JSBridge.js in Resources */ = {fileRef = 7B6AF5C2215CDE6B009EED15 /* JSBridge.js */; isa = PBXBuildFile; };
		7B6AF5C7215CDE6B009EED15 /* JSSupport.js in Resources */ = {fileRef = 7B6AF5C3215CDE6B009EED15 /* JSSupport.js */; isa = PBXBuildFile; };
		7B6AF5C8215CDE6B009EED15 /* JSSupport.m in Resources */ = {fileRef = 7B6AF5C4215CDE6B009EED15 /* JSSupport.m */; isa = PBXBuildFile; };
		7B6AF5CB215CDE8B009EED15 /* BaseJSBridge.m in Resources */ = {fileRef = 7B6AF5CA215CDE8B009EED15 /* BaseJSBridge.m */; isa = PBXBuildFile; };
		7B9E1803216AFF5B003A3BA6 /* JSBridge1sdk.js in Resources */ = {fileRef = 7B9E1802216AFF5B003A3BA6 /* JSBridge1sdk.js */; isa = PBXBuildFile; };
		7B9E1808216B63B2003A3BA6 /* libYiJieOnlineHelper.a in Resources */ = {fileRef = 7B6AF5BB215CDC00009EED15 /* libYiJieOnlineHelper.a */; isa = PBXBuildFile; };
		7BA09A83216C9A5100A5FDFB /* JSBridge1sdk.m in Resources */ = {fileRef = 7BA09A82216C9A5100A5FDFB /* JSBridge1sdk.m */; isa = PBXBuildFile; };
		7BA09A9121747A2600A5FDFB /* libc++.tbd in Resources */ = {fileRef = 7BA09A9021747A2600A5FDFB /* libc++.tbd */; isa = PBXBuildFile; };
		141139B1559AE8101C6F0805 /* MY.plist in Resources */ = {isa = PBXBuildFile; fileRef = 4A5C7EDD3700BA1D9820C510 /* MY.plist */; };
		7340FA8BC18797E91E9F26F2 /* Icon-29.png in Resources */ = {isa = PBXBuildFile; fileRef = 18F35C68F41CD9E1E3D1EC55 /* Icon-29.png */; };
		13E93B331D32DAB25A2DE64D /* Icon-40.png in Resources */ = {isa = PBXBuildFile; fileRef = F92FDB4AE18BDA7640FD19B7 /* Icon-40.png */; };
		DEDB4390FAF5A6675984132B /* Icon-50.png in Resources */ = {isa = PBXBuildFile; fileRef = 9C80D73C03B06F40DD88E2ED /* Icon-50.png */; };
		799EEE1B111BF66FDA6F55B3 /* Icon-57.png in Resources */ = {isa = PBXBuildFile; fileRef = 494C90D5028700871FA52B86 /* Icon-57.png */; };
		E22106E89823DB0F967D0C5D /* Icon-58.png in Resources */ = {isa = PBXBuildFile; fileRef = 9E79DB479B1E42FCC93BF0A7 /* Icon-58.png */; };
		C26D7290CF00E9F3CBD1E7D4 /* Icon-72.png in Resources */ = {isa = PBXBuildFile; fileRef = B4DEFDAFA9CEB747BE25EF19 /* Icon-72.png */; };
		137CC197D0F5923FC99F3834 /* Icon-76.png in Resources */ = {isa = PBXBuildFile; fileRef = EE2B4FAE10C757B900E018FB /* Icon-76.png */; };
		9F0BF3044824FC130A9619C5 /* Icon-80.png in Resources */ = {isa = PBXBuildFile; fileRef = EBFDCADB1937A3EDD0143BCC /* Icon-80.png */; };
		CE11535900BE25B72E4E081C /* Icon-87.png in Resources */ = {isa = PBXBuildFile; fileRef = C02BFD7115E234FC2D15C87C /* Icon-87.png */; };
		E14DB0DB66906FF67DE0AB1C /* Icon-100.png in Resources */ = {isa = PBXBuildFile; fileRef = 555C4A042FAB08E961A002FF /* Icon-100.png */; };
		9DE2B8BCAF366BD93A0C0173 /* Icon-114.png in Resources */ = {isa = PBXBuildFile; fileRef = 05B166E61B1E5406A9678CF1 /* Icon-114.png */; };
		1618389A0CFE6984A3DD97C6 /* Icon-120.png in Resources */ = {isa = PBXBuildFile; fileRef = 5EDA809BB6F2AA59219FF743 /* Icon-120.png */; };
		EFC2ED64337F0ECF7AA0D92C /* Icon-144.png in Resources */ = {isa = PBXBuildFile; fileRef = BFC74C66579692A2F4E7C15B /* Icon-144.png */; };
		151D6CB07D43C66D582283CA /* Icon-152.png in Resources */ = {isa = PBXBuildFile; fileRef = F53408C63E04C347C6FEE514 /* Icon-152.png */; };
		8E035EE746F7EE07D5AEE5F3 /* Icon-180.png in Resources */ = {isa = PBXBuildFile; fileRef = 54CB6379E5FEF518A6171D18 /* Icon-180.png */; };
		342712DF1FA591BA3CE2D8F9 /* YijieConfig.xml in Resources */ = {isa = PBXBuildFile; fileRef = 64EE4FFFF4BBA7D04C8CF75A /* YijieConfig.xml */; };
		13C18305AA8E357F93F34A49 /* CoreMotion.framework in Resources */ = {isa = PBXBuildFile; fileRef = F805E5AF8DD7BD0610F45FF8 /* CoreMotion.framework */; };
		5978E11300D7229FEDCEF62C /* CFNetwork.framework in Resources */ = {isa = PBXBuildFile; fileRef = 40C322B7AF6FF08B2D88F5C0 /* CFNetwork.framework */; };
		934C48D5395481263EB14403 /* libsqlite3.tbd in Resources */ = {isa = PBXBuildFile; fileRef = 122AD64ACCA66E7A476F8A93 /* libsqlite3.tbd */; };
		FCA4F61DF955BD6BABC1C842 /* UIKit.framework in Resources */ = {isa = PBXBuildFile; fileRef = E9A020571BA76457D8C88327 /* UIKit.framework */; };
		145E07E82552B67CF10A2EC2 /* QuartzCore.framework in Resources */ = {isa = PBXBuildFile; fileRef = 0CDCFB15FD6F360E82ED0ABB /* QuartzCore.framework */; };
		F17B02E9C4B384BC0C0262DA /* CoreText.framework in Resources */ = {isa = PBXBuildFile; fileRef = 7527C4C132C9B5D9F7756F3E /* CoreText.framework */; };
		044BDCF8849275491FEF4DEA /* CoreTelephony.framework in Resources */ = {isa = PBXBuildFile; fileRef = 15BEA319E7E87C654479AE41 /* CoreTelephony.framework */; };
		A89A7A447810AC363B31BDA1 /* SystemConfiguration.framework in Resources */ = {isa = PBXBuildFile; fileRef = 050BC1C35AEE5645A5199E68 /* SystemConfiguration.framework */; };
		C72B5B31D0A14014B63A4678 /* libsqlite3.tbd in Resources */ = {isa = PBXBuildFile; fileRef = 4685D1A1709967AA054295B1 /* libsqlite3.tbd */; };
		03708C1C5AB50AC356644299 /* libc++.tbd in Resources */ = {isa = PBXBuildFile; fileRef = FB5AA7D9251784480C0B25FC /* libc++.tbd */; };
		91A4AB704B7527D645B29418 /* libz.tbd in Resources */ = {isa = PBXBuildFile; fileRef = 326F67FEFE912D9A188AD75D /* libz.tbd */; };
		4A32744E404BF28351FDEAD7 /* CoreMotion.framework in Resources */ = {isa = PBXBuildFile; fileRef = AA10BDAF59558A84C33E3D02 /* CoreMotion.framework */; };
		E014788BFD37F50A3A5F707A /* MediaPlayer.framework in Resources */ = {isa = PBXBuildFile; fileRef = 5CB1548B762A8DE9141347C6 /* MediaPlayer.framework */; };
		14663744AA7A95EB1A4CBD19 /* GameController.framework in Resources */ = {isa = PBXBuildFile; fileRef = A6181B1480EA6F363895538F /* GameController.framework */; };
		EC5A5B340D07876F74FB1463 /* AdSupport.framework in Resources */ = {isa = PBXBuildFile; fileRef = D37E3A237326541D0545EBE3 /* AdSupport.framework */; };
		4A611CC5B3EF518207810194 /* AVFoundation.framework in Resources */ = {isa = PBXBuildFile; fileRef = D58CF443A514FFD61343FCB5 /* AVFoundation.framework */; };
		4BE950FDBEBD8F7E305DF17D /* StoreKit.framework in Resources */ = {isa = PBXBuildFile; fileRef = DA748A9C572BF2A3F2E373F4 /* StoreKit.framework */; };
		CC9AC709C06444424C0B224E /* JavaScriptCore.framework in Resources */ = {isa = PBXBuildFile; fileRef = 7A43181D171644CC9DBFC08B /* JavaScriptCore.framework */; };
		EF5DFFCC6C4BB312F53A853A /* AlipaySDK.bundle in Resources */ = {isa = PBXBuildFile; fileRef = E611F5F381CD6770F2985E52 /* AlipaySDK.bundle */; };
		AA9C3B2028D6C20C5B8BA1D4 /* MYSDK.bundle in Resources */ = {isa = PBXBuildFile; fileRef = 124733A1C9719DF181920BD3 /* MYSDK.bundle */; };
		B6DC9E83E1CB38DA87C62DEF /* MaiYou2.framework in Resources */ = {isa = PBXBuildFile; fileRef = 62C0BD19A4542F55A13CFA92 /* MaiYou2.framework */; };
		78096B7BB7B908BDF1913819 /* MYSDK.framework in Resources */ = {isa = PBXBuildFile; fileRef = C67F90C4F897D5CF4D0895FC /* MYSDK.framework */; };
		83FBBFC3C43E91CF6287AE03 /* AlipaySDK.framework in Resources */ = {isa = PBXBuildFile; fileRef = 1ACBCD2CDD604668B03FDC74 /* AlipaySDK.framework */; };
		23123210D6356E0CA6DD1876 /* Info.plist in Resources */ = {isa = PBXBuildFile; fileRef = C53E0D06AC16238CFDD8748D /* Info.plist */; };
		21708879F89627541152A14F /* paramInfo.xml in Resources */ = {isa = PBXBuildFile; fileRef = E47E388ADBD05A900B90D4BC /* paramInfo.xml */; };
/* End PBXBuildFile section */

/* Begin PBXVariantGroup section */
		7B6AF5AA215CDA00009EED15 /* Main.storyboard */ = {
			children = (
				7B6AF5AB215CDA00009EED15 /* Base */,
			);
			isa = PBXVariantGroup;
			name = Main.storyboard;
			sourceTree = "<group>";
		};
		7B6AF5AF215CDA01009EED15 /* LaunchScreen.storyboard */ = {
			children = (
				7B6AF5B0215CDA01009EED15 /* Base */,
			);
			isa = PBXVariantGroup;
			name = LaunchScreen.storyboard;
			sourceTree = "<group>";
		};
/* End PBXVariantGroup section */

/* Begin XCBuildConfiguration section */
		7B6AF5B5215CDA01009EED15 /* Debug */ = {
			buildSettings = {
				ALWAYS_SEARCH_USER_PATHS = NO;
				CLANG_ANALYZER_NONNULL = YES;
				CLANG_ANALYZER_NUMBER_OBJECT_CONVERSION = YES_AGGRESSIVE;
				CLANG_CXX_LANGUAGE_STANDARD = "gnu++14";
				CLANG_CXX_LIBRARY = "libc++";
				CLANG_ENABLE_MODULES = YES;
				CLANG_ENABLE_OBJC_ARC = YES;
				CLANG_ENABLE_OBJC_WEAK = YES;
				CLANG_WARN_BLOCK_CAPTURE_AUTORELEASING = YES;
				CLANG_WARN_BOOL_CONVERSION = YES;
				CLANG_WARN_COMMA = YES;
				CLANG_WARN_CONSTANT_CONVERSION = YES;
				CLANG_WARN_DEPRECATED_OBJC_IMPLEMENTATIONS = YES;
				CLANG_WARN_DIRECT_OBJC_ISA_USAGE = YES_ERROR;
				CLANG_WARN_DOCUMENTATION_COMMENTS = YES;
				CLANG_WARN_EMPTY_BODY = YES;
				CLANG_WARN_ENUM_CONVERSION = YES;
				CLANG_WARN_INFINITE_RECURSION = YES;
				CLANG_WARN_INT_CONVERSION = YES;
				CLANG_WARN_NON_LITERAL_NULL_CONVERSION = YES;
				CLANG_WARN_OBJC_IMPLICIT_RETAIN_SELF = YES;
				CLANG_WARN_OBJC_LITERAL_CONVERSION = YES;
				CLANG_WARN_OBJC_ROOT_CLASS = YES_ERROR;
				CLANG_WARN_RANGE_LOOP_ANALYSIS = YES;
				CLANG_WARN_STRICT_PROTOTYPES = YES;
				CLANG_WARN_SUSPICIOUS_MOVE = YES;
				CLANG_WARN_UNGUARDED_AVAILABILITY = YES_AGGRESSIVE;
				CLANG_WARN_UNREACHABLE_CODE = YES;
				CLANG_WARN__DUPLICATE_METHOD_MATCH = YES;
				CODE_SIGN_IDENTITY = "iPhone Developer: Yongjia Hu (FR76L42JG6)";
				COPY_PHASE_STRIP = NO;
				DEBUG_INFORMATION_FORMAT = dwarf;
				ENABLE_STRICT_OBJC_MSGSEND = YES;
				ENABLE_TESTABILITY = YES;
				GCC_C_LANGUAGE_STANDARD = gnu11;
				GCC_DYNAMIC_NO_PIC = NO;
				GCC_NO_COMMON_BLOCKS = YES;
				GCC_OPTIMIZATION_LEVEL = 0;
				GCC_PREPROCESSOR_DEFINITIONS = (
					"DEBUG=1",
					"$(inherited)",
				);
				GCC_WARN_64_TO_32_BIT_CONVERSION = YES;
				GCC_WARN_ABOUT_RETURN_TYPE = YES_ERROR;
				GCC_WARN_UNDECLARED_SELECTOR = YES;
				GCC_WARN_UNINITIALIZED_AUTOS = YES_AGGRESSIVE;
				GCC_WARN_UNUSED_FUNCTION = YES;
				GCC_WARN_UNUSED_VARIABLE = YES;
				IPHONEOS_DEPLOYMENT_TARGET = 9.1;
				MTL_ENABLE_DEBUG_INFO = INCLUDE_SOURCE;
				MTL_FAST_MATH = YES;
				ONLY_ACTIVE_ARCH = YES;
				SDKROOT = iphoneos;
				OTHER_LDFLAGS = (
					"-ObjC",
				);
				LD_RUNPATH_SEARCH_PATHS = (
					"$(inherited)",
					"@executable_path/Frameworks",
				);
			};
			isa = XCBuildConfiguration;
			name = Debug;
		};
		7B6AF5B6215CDA01009EED15 /* Release */ = {
			buildSettings = {
				ALWAYS_SEARCH_USER_PATHS = NO;
				CLANG_ANALYZER_NONNULL = YES;
				CLANG_ANALYZER_NUMBER_OBJECT_CONVERSION = YES_AGGRESSIVE;
				CLANG_CXX_LANGUAGE_STANDARD = "gnu++14";
				CLANG_CXX_LIBRARY = "libc++";
				CLANG_ENABLE_MODULES = YES;
				CLANG_ENABLE_OBJC_ARC = YES;
				CLANG_ENABLE_OBJC_WEAK = YES;
				CLANG_WARN_BLOCK_CAPTURE_AUTORELEASING = YES;
				CLANG_WARN_BOOL_CONVERSION = YES;
				CLANG_WARN_COMMA = YES;
				CLANG_WARN_CONSTANT_CONVERSION = YES;
				CLANG_WARN_DEPRECATED_OBJC_IMPLEMENTATIONS = YES;
				CLANG_WARN_DIRECT_OBJC_ISA_USAGE = YES_ERROR;
				CLANG_WARN_DOCUMENTATION_COMMENTS = YES;
				CLANG_WARN_EMPTY_BODY = YES;
				CLANG_WARN_ENUM_CONVERSION = YES;
				CLANG_WARN_INFINITE_RECURSION = YES;
				CLANG_WARN_INT_CONVERSION = YES;
				CLANG_WARN_NON_LITERAL_NULL_CONVERSION = YES;
				CLANG_WARN_OBJC_IMPLICIT_RETAIN_SELF = YES;
				CLANG_WARN_OBJC_LITERAL_CONVERSION = YES;
				CLANG_WARN_OBJC_ROOT_CLASS = YES_ERROR;
				CLANG_WARN_RANGE_LOOP_ANALYSIS = YES;
				CLANG_WARN_STRICT_PROTOTYPES = YES;
				CLANG_WARN_SUSPICIOUS_MOVE = YES;
				CLANG_WARN_UNGUARDED_AVAILABILITY = YES_AGGRESSIVE;
				CLANG_WARN_UNREACHABLE_CODE = YES;
				CLANG_WARN__DUPLICATE_METHOD_MATCH = YES;
				CODE_SIGN_IDENTITY = "iPhone Developer: Yongjia Hu (FR76L42JG6)";
				COPY_PHASE_STRIP = NO;
				DEBUG_INFORMATION_FORMAT = "dwarf-with-dsym";
				ENABLE_NS_ASSERTIONS = NO;
				ENABLE_STRICT_OBJC_MSGSEND = YES;
				GCC_C_LANGUAGE_STANDARD = gnu11;
				GCC_NO_COMMON_BLOCKS = YES;
				GCC_WARN_64_TO_32_BIT_CONVERSION = YES;
				GCC_WARN_ABOUT_RETURN_TYPE = YES_ERROR;
				GCC_WARN_UNDECLARED_SELECTOR = YES;
				GCC_WARN_UNINITIALIZED_AUTOS = YES_AGGRESSIVE;
				GCC_WARN_UNUSED_FUNCTION = YES;
				GCC_WARN_UNUSED_VARIABLE = YES;
				IPHONEOS_DEPLOYMENT_TARGET = 9.1;
				MTL_ENABLE_DEBUG_INFO = NO;
				MTL_FAST_MATH = YES;
				SDKROOT = iphoneos;
				VALIDATE_PRODUCT = YES;
				OTHER_LDFLAGS = (
					"-ObjC",
				);
				LD_RUNPATH_SEARCH_PATHS = (
					"$(inherited)",
					"@executable_path/Frameworks",
				);
			};
			isa = XCBuildConfiguration;
			name = Release;
		};
		7B6AF5B8215CDA01009EED15 /* Debug */ = {
			buildSettings = {
				ASSETCATALOG_COMPILER_APPICON_NAME = AppIcon;
				CODE_SIGN_IDENTITY = "iPhone Developer";
				CODE_SIGN_STYLE = Automatic;
				DEVELOPMENT_TEAM = 77A4Y6VHH2;
				ENABLE_BITCODE = NO;
				FRAMEWORK_SEARCH_PATHS = (
					"$(inherited)",
					"$(PROJECT_DIR)/hqgmvbt/Yijie",
					"$(PROJECT_DIR)/hqgmvbt/Yijie/maiyou_ios/Frameworks",
					"$(PROJECT_DIR)/hqgmvbt/Yijie/maiyou_ios/Frameworks/NoCopy",
				);
				IPHONEOS_DEPLOYMENT_TARGET = 9.1;
				LD_RUNPATH_SEARCH_PATHS = (
					"$(inherited)",
					"@executable_path/Frameworks",
				);
				LIBRARY_SEARCH_PATHS = (
					"$(inherited)",
					"$(PROJECT_DIR)/hqgmvbt/Yijie",
					"$(PROJECT_DIR)/hqgmvbt/Yijie/maiyou_ios/Frameworks",
					"$(PROJECT_DIR)/hqgmvbt/Yijie/maiyou_ios/Frameworks/NoCopy",
				);
				PRODUCT_BUNDLE_IDENTIFIER = "com.-";
				PRODUCT_NAME = "$(TARGET_NAME)";
				TARGETED_DEVICE_FAMILY = 1;
				OTHER_LDFLAGS = "-ObjC";
				INFOPLIST_FILE = (
					"$(PROJECT_DIR)/hqgmvbt/Yijie/maiyou_ios/Info.plist",
				);
			};
			isa = XCBuildConfiguration;
			name = Debug;
		};
		7B6AF5B9215CDA01009EED15 /* Release */ = {
			buildSettings = {
				ASSETCATALOG_COMPILER_APPICON_NAME = AppIcon;
				CODE_SIGN_IDENTITY = "iPhone Developer";
				CODE_SIGN_STYLE = Automatic;
				DEVELOPMENT_TEAM = 77A4Y6VHH2;
				ENABLE_BITCODE = NO;
				FRAMEWORK_SEARCH_PATHS = (
					"$(inherited)",
					"$(PROJECT_DIR)/hqgmvbt/Yijie",
					"$(PROJECT_DIR)/hqgmvbt/Yijie/maiyou_ios/Frameworks",
					"$(PROJECT_DIR)/hqgmvbt/Yijie/maiyou_ios/Frameworks/NoCopy",
				);
				IPHONEOS_DEPLOYMENT_TARGET = 9.1;
				LD_RUNPATH_SEARCH_PATHS = (
					"$(inherited)",
					"@executable_path/Frameworks",
				);
				LIBRARY_SEARCH_PATHS = (
					"$(inherited)",
					"$(PROJECT_DIR)/hqgmvbt/Yijie",
					"$(PROJECT_DIR)/hqgmvbt/Yijie/maiyou_ios/Frameworks",
					"$(PROJECT_DIR)/hqgmvbt/Yijie/maiyou_ios/Frameworks/NoCopy",
				);
				PRODUCT_BUNDLE_IDENTIFIER = "com.-";
				PRODUCT_NAME = "$(TARGET_NAME)";
				TARGETED_DEVICE_FAMILY = 1;
				OTHER_LDFLAGS = "-ObjC";
				INFOPLIST_FILE = (
					"$(PROJECT_DIR)/hqgmvbt/Yijie/maiyou_ios/Info.plist",
				);
			};
			isa = XCBuildConfiguration;
			name = Release;
		};
/* End XCBuildConfiguration section */

/* Begin PBXCopyFilesBuildPhase section */
		7B6AF5BF215CDC1C009EED15 /* CopyFiles */ = {
			buildActionMask = 2147483647;
			dstPath = "";
			dstSubfolderSpec = 10;
			files = (
				7B6AF5C1215CDC30009EED15 /* OnlineAHelper.framework in CopyFiles */,
				7B6AF5C0215CDC2D009EED15 /* libYiJieOnlineHelper.a in CopyFiles */,
			);
			isa = PBXCopyFilesBuildPhase;
			runOnlyForDeploymentPostprocessing = 0;
		};
/* End PBXCopyFilesBuildPhase section */
	};
	rootObject = 7B6AF599215CDA00009EED15;
}
